
Microsoft Visual Studio Solution File, Format Version 12.00
# Visual Studio 15
VisualStudioVersion = 15.0.28307.421
MinimumVisualStudioVersion = 10.0.40219.1
Project("{FAE04EC0-301F-11D3-BF4B-00C04F79EFBC}") = "AspNetDemo", "AspNetDemo\AspNetDemo.csproj", "{DACDA389-1E53-42BE-91E7-E672423422C7}"
EndProject
Global
	GlobalSection(SolutionConfigurationPlatforms) = preSolution
		Debug|Any CPU = Debug|Any CPU
		Release|Any CPU = Release|Any CPU
	EndGlobalSection
	GlobalSection(ProjectConfigurationPlatforms) = postSolution
		{DACDA389-1E53-42BE-91E7-E672423422C7}.Debug|Any CPU.ActiveCfg = Debug|Any CPU
		{DACDA389-1E53-42BE-91E7-E672423422C7}.Debug|Any CPU.Build.0 = Debug|Any CPU
		{DACDA389-1E53-42BE-91E7-E672423422C7}.Release|Any CPU.ActiveCfg = Release|Any CPU
		{DACDA389-1E53-42BE-91E7-E672423422C7}.Release|Any CPU.Build.0 = Release|Any CPU
	EndGlobalSection
	GlobalSection(SolutionProperties) = preSolution
		HideSolutionNode = FALSE
	EndGlobalSection
	GlobalSection(ExtensibilityGlobals) = postSolution
		SolutionGuid = {7EC88116-5C63-4462-B0AC-095E257F5DB3}
	EndGlobalSection
EndGlobal
